dependencies:
  espressif/esp_tinyusb:
    component_hash: 7724318a6155ad621dee711110255c9afd722db9ea9cccbc7aaeb35fd96cce7f
    source:
      service_url: https://api.components.espressif.com/
      type: service
    version: 1.0.0
  espressif/tinyusb:
    component_hash: f8d1fa78f39c0a2b9832a82318099a680d0b48ab9eaec62e901e672ed39029be
    source:
      service_url: https://api.components.espressif.com/
      type: service
    version: 0.12.2
  idf:
    component_hash: null
    source:
      type: idf
    version: 5.0.0
manifest_hash: f5ac259dea21d614da7139191fbb506833baaaf3fca175c0aa0593e9c4d5fd84
target: esp32s3
version: 1.0.0
