dependencies:
  espressif/esp_tinyusb:
    component_hash: 5e37c53a10518f40b288a48afec4ab549784be9e6eb74add699a30395543418a
    source:
      service_url: https://api.components.espressif.com/
      type: service
    version: 1.0.3
  espressif/tinyusb:
    component_hash: 820a2eef39c7ff0b810e859efd7035a4e5b9b44e77c49020a50ef0668fc941ae
    source:
      service_url: https://api.components.espressif.com/
      type: service
    version: 0.14.2
  idf:
    component_hash: null
    source:
      type: idf
    version: 5.0.1
manifest_hash: e6e454e5823512fc3ca07de7b6a08d9f8d0622081197a99a48f33bf25f558647
target: esp32s3
version: 1.0.0
