dependencies:
  espressif/esp_tinyusb:
    component_hash: 4adc37901b663e39098112e2df11cb6737dcd7c614beffabcb75715cf4ecbc5c
    source:
      service_url: https://api.components.espressif.com/
      type: service
    version: 1.0.2
  espressif/tinyusb:
    component_hash: 514c97d3c98bbc80ba5d646516fc42705aff8bbcd582908328107d1fa5cf1d5b
    source:
      service_url: https://api.components.espressif.com/
      type: service
    version: 0.14.1
  idf:
    component_hash: null
    source:
      type: idf
    version: 5.0.0
manifest_hash: e6e454e5823512fc3ca07de7b6a08d9f8d0622081197a99a48f33bf25f558647
target: esp32s3
version: 1.0.0
