dependencies:
  espressif/tinyusb:
    component_hash: a11195d4c7c385aa2b1430009486dd4007920307d13b7db474a62ff040907d8f
    source:
      service_url: https://api.components.espressif.com/
      type: service
    version: 0.15.0~4
  idf:
    component_hash: null
    source:
      type: idf
    version: 5.2.0
manifest_hash: 5ca5b3513bb6ceca250e6b0572d0b5974ba4156c37296f401714b1ca5f0591d6
target: esp32s3
version: 1.0.0
